
Microsoft Visual Studio Solution File, Format Version 12.00
# Visual Studio Version 17
VisualStudioVersion = 17.11.35222.181
MinimumVisualStudioVersion = 10.0.40219.1
Project("{FAE04EC0-301F-11D3-BF4B-00C04F79EFBC}") = "BattleShipServer", "BattleShipServer\BattleShipServer.csproj", "{F9413858-3E8C-4B57-86CB-BCAA8B937C50}"
EndProject
Global
	GlobalSection(SolutionConfigurationPlatforms) = preSolution
		Debug|Any CPU = Debug|Any CPU
		Release|Any CPU = Release|Any CPU
	EndGlobalSection
	GlobalSection(ProjectConfigurationPlatforms) = postSolution
		{F9413858-3E8C-4B57-86CB-BCAA8B937C50}.Debug|Any CPU.ActiveCfg = Debug|Any CPU
		{F9413858-3E8C-4B57-86CB-BCAA8B937C50}.Debug|Any CPU.Build.0 = Debug|Any CPU
		{F9413858-3E8C-4B57-86CB-BCAA8B937C50}.Release|Any CPU.ActiveCfg = Release|Any CPU
		{F9413858-3E8C-4B57-86CB-BCAA8B937C50}.Release|Any CPU.Build.0 = Release|Any CPU
	EndGlobalSection
	GlobalSection(SolutionProperties) = preSolution
		HideSolutionNode = FALSE
	EndGlobalSection
	GlobalSection(ExtensibilityGlobals) = postSolution
		SolutionGuid = {B951349D-7D08-47BD-AFDF-3C5F9F50F032}
	EndGlobalSection
EndGlobal
